
Microsoft Visual Studio Solution File, Format Version 11.00
# Visual Studio 2010
Project("{FAE04EC0-301F-11D3-BF4B-00C04F79EFBC}") = "IWanneBeAToulousain", "Assembly-CSharp-firstpass.csproj", "{7E66C254-55F5-638B-86B1-7CCB391E6685}"
EndProject
Project("{FAE04EC0-301F-11D3-BF4B-00C04F79EFBC}") = "IWanneBeAToulousain", "Assembly-CSharp.csproj", "{7E861D68-13A7-4EC9-9510-D3CDB12D5D62}"
EndProject
Project("{FAE04EC0-301F-11D3-BF4B-00C04F79EFBC}") = "IWanneBeAToulousain", "Assembly-CSharp-Editor-firstpass.csproj", "{63DF1DE0-4FA7-632F-27AA-985BE3A30EF1}"
EndProject
Global
	GlobalSection(SolutionConfigurationPlatforms) = preSolution
		Debug|Any CPU = Debug|Any CPU
		Release|Any CPU = Release|Any CPU
	EndGlobalSection
	GlobalSection(ProjectConfigurationPlatforms) = postSolution
		{7E66C254-55F5-638B-86B1-7CCB391E6685}.Debug|Any CPU.ActiveCfg = Debug|Any CPU
		{7E66C254-55F5-638B-86B1-7CCB391E6685}.Debug|Any CPU.Build.0 = Debug|Any CPU
		{7E66C254-55F5-638B-86B1-7CCB391E6685}.Release|Any CPU.ActiveCfg = Release|Any CPU
		{7E66C254-55F5-638B-86B1-7CCB391E6685}.Release|Any CPU.Build.0 = Release|Any CPU
		{7E861D68-13A7-4EC9-9510-D3CDB12D5D62}.Debug|Any CPU.ActiveCfg = Debug|Any CPU
		{7E861D68-13A7-4EC9-9510-D3CDB12D5D62}.Debug|Any CPU.Build.0 = Debug|Any CPU
		{7E861D68-13A7-4EC9-9510-D3CDB12D5D62}.Release|Any CPU.ActiveCfg = Release|Any CPU
		{7E861D68-13A7-4EC9-9510-D3CDB12D5D62}.Release|Any CPU.Build.0 = Release|Any CPU
		{63DF1DE0-4FA7-632F-27AA-985BE3A30EF1}.Debug|Any CPU.ActiveCfg = Debug|Any CPU
		{63DF1DE0-4FA7-632F-27AA-985BE3A30EF1}.Debug|Any CPU.Build.0 = Debug|Any CPU
		{63DF1DE0-4FA7-632F-27AA-985BE3A30EF1}.Release|Any CPU.ActiveCfg = Release|Any CPU
		{63DF1DE0-4FA7-632F-27AA-985BE3A30EF1}.Release|Any CPU.Build.0 = Release|Any CPU
	EndGlobalSection
	GlobalSection(SolutionProperties) = preSolution
		HideSolutionNode = FALSE
	EndGlobalSection
	GlobalSection(MonoDevelopProperties) = preSolution
		StartupItem = Assembly-CSharp.csproj
	EndGlobalSection
EndGlobal
